
Microsoft Visual Studio Solution File, Format Version 12.00
# Visual Studio 15
VisualStudioVersion = 15.0.27130.2010
MinimumVisualStudioVersion = 10.0.40219.1
Project("{9A19103F-16F7-4668-BE54-9A1E7A4F7556}") = "MediumProxy", "src\MediumProxy\MediumProxy.csproj", "{1085819B-9E50-4277-A844-26D306B13731}"
EndProject
Project("{9A19103F-16F7-4668-BE54-9A1E7A4F7556}") = "MediumProxy.Test", "src\MediumProxy.Test\MediumProxy.Test.csproj", "{CA3D2BA1-D680-4F73-B18E-8F5CA881966A}"
EndProject
Global
	GlobalSection(SolutionConfigurationPlatforms) = preSolution
		Debug|Any CPU = Debug|Any CPU
		Release|Any CPU = Release|Any CPU
	EndGlobalSection
	GlobalSection(ProjectConfigurationPlatforms) = postSolution
		{1085819B-9E50-4277-A844-26D306B13731}.Debug|Any CPU.ActiveCfg = Debug|Any CPU
		{1085819B-9E50-4277-A844-26D306B13731}.Debug|Any CPU.Build.0 = Debug|Any CPU
		{1085819B-9E50-4277-A844-26D306B13731}.Release|Any CPU.ActiveCfg = Release|Any CPU
		{1085819B-9E50-4277-A844-26D306B13731}.Release|Any CPU.Build.0 = Release|Any CPU
		{CA3D2BA1-D680-4F73-B18E-8F5CA881966A}.Debug|Any CPU.ActiveCfg = Debug|Any CPU
		{CA3D2BA1-D680-4F73-B18E-8F5CA881966A}.Debug|Any CPU.Build.0 = Debug|Any CPU
		{CA3D2BA1-D680-4F73-B18E-8F5CA881966A}.Release|Any CPU.ActiveCfg = Release|Any CPU
		{CA3D2BA1-D680-4F73-B18E-8F5CA881966A}.Release|Any CPU.Build.0 = Release|Any CPU
	EndGlobalSection
	GlobalSection(SolutionProperties) = preSolution
		HideSolutionNode = FALSE
	EndGlobalSection
	GlobalSection(ExtensibilityGlobals) = postSolution
		SolutionGuid = {09555FFD-95ED-4738-83EE-067DE55E7D8D}
	EndGlobalSection
EndGlobal
